
Microsoft Visual Studio Solution File, Format Version 12.00
# Visual Studio Version 16
VisualStudioVersion = 16.0.28922.388
MinimumVisualStudioVersion = 10.0.40219.1
Project("{FAE04EC0-301F-11D3-BF4B-00C04F79EFBC}") = "WebAPI", "WebAPI\WebAPI.csproj", "{4DC12976-A435-4388-98A5-061D02C2AFDB}"
EndProject
Project("{FAE04EC0-301F-11D3-BF4B-00C04F79EFBC}") = "Common", "Common\Common.csproj", "{B473D921-217A-4300-B725-E83DA2636C88}"
EndProject
Project("{FAE04EC0-301F-11D3-BF4B-00C04F79EFBC}") = "Entity", "Entity\Entity.csproj", "{253A05E0-2A9E-41C3-8850-BA8C85CEE833}"
EndProject
Project("{FAE04EC0-301F-11D3-BF4B-00C04F79EFBC}") = "Token", "Token\Token.csproj", "{63B90C13-A3DC-46E2-B378-4BC748F29082}"
EndProject
Project("{2150E333-8FDC-42A3-9474-1A3956D46DE8}") = "WebClient", "WebClient", "{4E27F7A4-A9CC-4FAE-983C-0A2AA2BD2D86}"
EndProject
Project("{2150E333-8FDC-42A3-9474-1A3956D46DE8}") = "Data", "Data", "{DE8C690E-B008-47B3-B40E-906C1325A227}"
EndProject
Project("{2150E333-8FDC-42A3-9474-1A3956D46DE8}") = "Ohter", "Ohter", "{55F4A81F-285A-437F-9D80-F508F63DEE7F}"
EndProject
Project("{FAE04EC0-301F-11D3-BF4B-00C04F79EFBC}") = "Web", "Web\Web.csproj", "{2EEE2B8D-786C-4C9E-8753-4A0253D96076}"
EndProject
Project("{FAE04EC0-301F-11D3-BF4B-00C04F79EFBC}") = "WebAPI1", "WebAPI1\WebAPI1.csproj", "{7E36849B-AA94-49F6-AF86-3BA020D8CD90}"
EndProject
Project("{FAE04EC0-301F-11D3-BF4B-00C04F79EFBC}") = "WebUI", "WebUI\WebUI.csproj", "{8509847B-2A06-4800-A64F-3EC065454619}"
EndProject
Project("{2150E333-8FDC-42A3-9474-1A3956D46DE8}") = "OldProject", "OldProject", "{DD325BFF-8AA6-4585-850B-B6ABAE6C8CF2}"
EndProject
Project("{2150E333-8FDC-42A3-9474-1A3956D46DE8}") = "Service", "Service", "{80DCFB9B-6B7E-4A63-A52A-FF0979A15E42}"
EndProject
Project("{FAE04EC0-301F-11D3-BF4B-00C04F79EFBC}") = "Repository", "Repository\Repository.csproj", "{6EF2CD9C-DDA6-4CBE-BB00-55DB2AB11F77}"
EndProject
Project("{FAE04EC0-301F-11D3-BF4B-00C04F79EFBC}") = "IServices", "IServices\IServices.csproj", "{4AFCDDCF-65A7-4262-938B-D2E34C048693}"
EndProject
Project("{FAE04EC0-301F-11D3-BF4B-00C04F79EFBC}") = "Services", "Services\Services.csproj", "{1087D16F-1FCF-431E-9AAC-F63C2A388BE7}"
EndProject
Global
	GlobalSection(SolutionConfigurationPlatforms) = preSolution
		Debug|Any CPU = Debug|Any CPU
		Release|Any CPU = Release|Any CPU
	EndGlobalSection
	GlobalSection(ProjectConfigurationPlatforms) = postSolution
		{4DC12976-A435-4388-98A5-061D02C2AFDB}.Debug|Any CPU.ActiveCfg = Debug|Any CPU
		{4DC12976-A435-4388-98A5-061D02C2AFDB}.Debug|Any CPU.Build.0 = Debug|Any CPU
		{4DC12976-A435-4388-98A5-061D02C2AFDB}.Release|Any CPU.ActiveCfg = Release|Any CPU
		{4DC12976-A435-4388-98A5-061D02C2AFDB}.Release|Any CPU.Build.0 = Release|Any CPU
		{B473D921-217A-4300-B725-E83DA2636C88}.Debug|Any CPU.ActiveCfg = Debug|Any CPU
		{B473D921-217A-4300-B725-E83DA2636C88}.Debug|Any CPU.Build.0 = Debug|Any CPU
		{B473D921-217A-4300-B725-E83DA2636C88}.Release|Any CPU.ActiveCfg = Release|Any CPU
		{B473D921-217A-4300-B725-E83DA2636C88}.Release|Any CPU.Build.0 = Release|Any CPU
		{253A05E0-2A9E-41C3-8850-BA8C85CEE833}.Debug|Any CPU.ActiveCfg = Debug|Any CPU
		{253A05E0-2A9E-41C3-8850-BA8C85CEE833}.Debug|Any CPU.Build.0 = Debug|Any CPU
		{253A05E0-2A9E-41C3-8850-BA8C85CEE833}.Release|Any CPU.ActiveCfg = Release|Any CPU
		{253A05E0-2A9E-41C3-8850-BA8C85CEE833}.Release|Any CPU.Build.0 = Release|Any CPU
		{63B90C13-A3DC-46E2-B378-4BC748F29082}.Debug|Any CPU.ActiveCfg = Debug|Any CPU
		{63B90C13-A3DC-46E2-B378-4BC748F29082}.Debug|Any CPU.Build.0 = Debug|Any CPU
		{63B90C13-A3DC-46E2-B378-4BC748F29082}.Release|Any CPU.ActiveCfg = Release|Any CPU
		{63B90C13-A3DC-46E2-B378-4BC748F29082}.Release|Any CPU.Build.0 = Release|Any CPU
		{2EEE2B8D-786C-4C9E-8753-4A0253D96076}.Debug|Any CPU.ActiveCfg = Debug|Any CPU
		{2EEE2B8D-786C-4C9E-8753-4A0253D96076}.Debug|Any CPU.Build.0 = Debug|Any CPU
		{2EEE2B8D-786C-4C9E-8753-4A0253D96076}.Release|Any CPU.ActiveCfg = Release|Any CPU
		{2EEE2B8D-786C-4C9E-8753-4A0253D96076}.Release|Any CPU.Build.0 = Release|Any CPU
		{7E36849B-AA94-49F6-AF86-3BA020D8CD90}.Debug|Any CPU.ActiveCfg = Debug|Any CPU
		{7E36849B-AA94-49F6-AF86-3BA020D8CD90}.Debug|Any CPU.Build.0 = Debug|Any CPU
		{7E36849B-AA94-49F6-AF86-3BA020D8CD90}.Release|Any CPU.ActiveCfg = Release|Any CPU
		{7E36849B-AA94-49F6-AF86-3BA020D8CD90}.Release|Any CPU.Build.0 = Release|Any CPU
		{8509847B-2A06-4800-A64F-3EC065454619}.Debug|Any CPU.ActiveCfg = Debug|Any CPU
		{8509847B-2A06-4800-A64F-3EC065454619}.Debug|Any CPU.Build.0 = Debug|Any CPU
		{8509847B-2A06-4800-A64F-3EC065454619}.Release|Any CPU.ActiveCfg = Release|Any CPU
		{8509847B-2A06-4800-A64F-3EC065454619}.Release|Any CPU.Build.0 = Release|Any CPU
		{6EF2CD9C-DDA6-4CBE-BB00-55DB2AB11F77}.Debug|Any CPU.ActiveCfg = Debug|Any CPU
		{6EF2CD9C-DDA6-4CBE-BB00-55DB2AB11F77}.Debug|Any CPU.Build.0 = Debug|Any CPU
		{6EF2CD9C-DDA6-4CBE-BB00-55DB2AB11F77}.Release|Any CPU.ActiveCfg = Release|Any CPU
		{6EF2CD9C-DDA6-4CBE-BB00-55DB2AB11F77}.Release|Any CPU.Build.0 = Release|Any CPU
		{4AFCDDCF-65A7-4262-938B-D2E34C048693}.Debug|Any CPU.ActiveCfg = Debug|Any CPU
		{4AFCDDCF-65A7-4262-938B-D2E34C048693}.Debug|Any CPU.Build.0 = Debug|Any CPU
		{4AFCDDCF-65A7-4262-938B-D2E34C048693}.Release|Any CPU.ActiveCfg = Release|Any CPU
		{4AFCDDCF-65A7-4262-938B-D2E34C048693}.Release|Any CPU.Build.0 = Release|Any CPU
		{1087D16F-1FCF-431E-9AAC-F63C2A388BE7}.Debug|Any CPU.ActiveCfg = Debug|Any CPU
		{1087D16F-1FCF-431E-9AAC-F63C2A388BE7}.Debug|Any CPU.Build.0 = Debug|Any CPU
		{1087D16F-1FCF-431E-9AAC-F63C2A388BE7}.Release|Any CPU.ActiveCfg = Release|Any CPU
		{1087D16F-1FCF-431E-9AAC-F63C2A388BE7}.Release|Any CPU.Build.0 = Release|Any CPU
	EndGlobalSection
	GlobalSection(SolutionProperties) = preSolution
		HideSolutionNode = FALSE
	EndGlobalSection
	GlobalSection(NestedProjects) = preSolution
		{4DC12976-A435-4388-98A5-061D02C2AFDB} = {DD325BFF-8AA6-4585-850B-B6ABAE6C8CF2}
		{B473D921-217A-4300-B725-E83DA2636C88} = {55F4A81F-285A-437F-9D80-F508F63DEE7F}
		{253A05E0-2A9E-41C3-8850-BA8C85CEE833} = {DE8C690E-B008-47B3-B40E-906C1325A227}
		{63B90C13-A3DC-46E2-B378-4BC748F29082} = {55F4A81F-285A-437F-9D80-F508F63DEE7F}
		{2EEE2B8D-786C-4C9E-8753-4A0253D96076} = {DD325BFF-8AA6-4585-850B-B6ABAE6C8CF2}
		{7E36849B-AA94-49F6-AF86-3BA020D8CD90} = {4E27F7A4-A9CC-4FAE-983C-0A2AA2BD2D86}
		{8509847B-2A06-4800-A64F-3EC065454619} = {4E27F7A4-A9CC-4FAE-983C-0A2AA2BD2D86}
		{6EF2CD9C-DDA6-4CBE-BB00-55DB2AB11F77} = {80DCFB9B-6B7E-4A63-A52A-FF0979A15E42}
		{4AFCDDCF-65A7-4262-938B-D2E34C048693} = {80DCFB9B-6B7E-4A63-A52A-FF0979A15E42}
		{1087D16F-1FCF-431E-9AAC-F63C2A388BE7} = {DE8C690E-B008-47B3-B40E-906C1325A227}
	EndGlobalSection
	GlobalSection(ExtensibilityGlobals) = postSolution
		SolutionGuid = {3DDE14E6-93E3-4BDA-B0E1-0E8BB5982896}
	EndGlobalSection
EndGlobal
